
Microsoft Visual Studio Solution File, Format Version 12.00
# Visual Studio Version 17
VisualStudioVersion = 17.9.34723.18
MinimumVisualStudioVersion = 10.0.40219.1
Project("{9A19103F-16F7-4668-BE54-9A1E7A4F7556}") = "TasklyAPI", "TasklyAPI.csproj", "{792A1B65-ECEA-44C1-B492-75E2DB73C1BA}"
EndProject
Project("{FAE04EC0-301F-11D3-BF4B-00C04F79EFBC}") = "TasklyTests", "..\TasklyTests\TasklyTests.csproj", "{C437B05A-6782-48BC-9950-C50D4E0DDC1B}"
EndProject
Global
	GlobalSection(SolutionConfigurationPlatforms) = preSolution
		Debug|Any CPU = Debug|Any CPU
		Release|Any CPU = Release|Any CPU
	EndGlobalSection
	GlobalSection(ProjectConfigurationPlatforms) = postSolution
		{792A1B65-ECEA-44C1-B492-75E2DB73C1BA}.Debug|Any CPU.ActiveCfg = Debug|Any CPU
		{792A1B65-ECEA-44C1-B492-75E2DB73C1BA}.Debug|Any CPU.Build.0 = Debug|Any CPU
		{792A1B65-ECEA-44C1-B492-75E2DB73C1BA}.Release|Any CPU.ActiveCfg = Release|Any CPU
		{792A1B65-ECEA-44C1-B492-75E2DB73C1BA}.Release|Any CPU.Build.0 = Release|Any CPU
		{C437B05A-6782-48BC-9950-C50D4E0DDC1B}.Debug|Any CPU.ActiveCfg = Debug|Any CPU
		{C437B05A-6782-48BC-9950-C50D4E0DDC1B}.Debug|Any CPU.Build.0 = Debug|Any CPU
		{C437B05A-6782-48BC-9950-C50D4E0DDC1B}.Release|Any CPU.ActiveCfg = Release|Any CPU
		{C437B05A-6782-48BC-9950-C50D4E0DDC1B}.Release|Any CPU.Build.0 = Release|Any CPU
	EndGlobalSection
	GlobalSection(SolutionProperties) = preSolution
		HideSolutionNode = FALSE
	EndGlobalSection
	GlobalSection(ExtensibilityGlobals) = postSolution
		SolutionGuid = {FEC000DA-5CEA-4A17-AAD9-FA8E6CEB8C25}
	EndGlobalSection
EndGlobal
